// !$*UTF8*$!
{
	archiveVersion = 1;
	classes = {
	};
	objectVersion = 50;
	objects = {

/* Begin PBXBuildFile section */
		D065E850244DB8250033B327 /* AppDelegate.swift in Sources */ = {isa = PBXBuildFile; fileRef = D065E84F244DB8250033B327 /* AppDelegate.swift */; };
		D065E852244DB8250033B327 /* ViewController.swift in Sources */ = {isa = PBXBuildFile; fileRef = D065E851244DB8250033B327 /* ViewController.swift */; };
		D065E855244DB8250033B327 /* Main.storyboard in Resources */ = {isa = PBXBuildFile; fileRef = D065E853244DB8250033B327 /* Main.storyboard */; };
		D065E857244DB8260033B327 /* Assets.xcassets in Resources */ = {isa = PBXBuildFile; fileRef = D065E856244DB8260033B327 /* Assets.xcassets */; };
		D065E85A244DB8260033B327 /* LaunchScreen.storyboard in Resources */ = {isa = PBXBuildFile; fileRef = D065E858244DB8260033B327 /* LaunchScreen.storyboard */; };
		D065E865244DB8260033B327 /* SimuLocTests.swift in Sources */ = {isa = PBXBuildFile; fileRef = D065E864244DB8260033B327 /* SimuLocTests.swift */; };
		D065E870244DB8260033B327 /* SimuLocUITests.swift in Sources */ = {isa = PBXBuildFile; fileRef = D065E86F244DB8260033B327 /* SimuLocUITests.swift */; };
/* End PBXBuildFile section */

/* Begin PBXContainerItemProxy section */
		D065E861244DB8260033B327 /* PBXContainerItemProxy */ = {
			isa = PBXContainerItemProxy;
			containerPortal = D065E844244DB8250033B327 /* Project object */;
			proxyType = 1;
			remoteGlobalIDString = D065E84B244DB8250033B327;
			remoteInfo = SimuLoc;
		};
		D065E86C244DB8260033B327 /* PBXContainerItemProxy */ = {
			isa = PBXContainerItemProxy;
			containerPortal = D065E844244DB8250033B327 /* Project object */;
			proxyType = 1;
			remoteGlobalIDString = D065E84B244DB8250033B327;
			remoteInfo = SimuLoc;
		};
/* End PBXContainerItemProxy section */

/* Begin PBXFileReference section */
		D065E84C244DB8250033B327 /* SimuLoc.app */ = {isa = PBXFileReference; explicitFileType = wrapper.application; includeInIndex = 0; path = SimuLoc.app; sourceTree = BUILT_PRODUCTS_DIR; };
		D065E84F244DB8250033B327 /* AppDelegate.swift */ = {isa = PBXFileReference; lastKnownFileType = sourcecode.swift; path = AppDelegate.swift; sourceTree = "<group>"; };
		D065E851244DB8250033B327 /* ViewController.swift */ = {isa = PBXFileReference; lastKnownFileType = sourcecode.swift; path = ViewController.swift; sourceTree = "<group>"; };
		D065E854244DB8250033B327 /* Base */ = {isa = PBXFileReference; lastKnownFileType = file.storyboard; name = Base; path = Base.lproj/Main.storyboard; sourceTree = "<group>"; };
		D065E856244DB8260033B327 /* Assets.xcassets */ = {isa = PBXFileReference; lastKnownFileType = folder.assetcatalog; path = Assets.xcassets; sourceTree = "<group>"; };
		D065E859244DB8260033B327 /* Base */ = {isa = PBXFileReference; lastKnownFileType = file.storyboard; name = Base; path = Base.lproj/LaunchScreen.storyboard; sourceTree = "<group>"; };
		D065E85B244DB8260033B327 /* Info.plist */ = {isa = PBXFileReference; lastKnownFileType = text.plist.xml; path = Info.plist; sourceTree = "<group>"; };
		D065E860244DB8260033B327 /* SimuLocTests.xctest */ = {isa = PBXFileReference; explicitFileType = wrapper.cfbundle; includeInIndex = 0; path = SimuLocTests.xctest; sourceTree = BUILT_PRODUCTS_DIR; };
		D065E864244DB8260033B327 /* SimuLocTests.swift */ = {isa = PBXFileReference; lastKnownFileType = sourcecode.swift; path = SimuLocTests.swift; sourceTree = "<group>"; };
		D065E866244DB8260033B327 /* Info.plist */ = {isa = PBXFileReference; lastKnownFileType = text.plist.xml; path = Info.plist; sourceTree = "<group>"; };
		D065E86B244DB8260033B327 /* SimuLocUITests.xctest */ = {isa = PBXFileReference; explicitFileType = wrapper.cfbundle; includeInIndex = 0; path = SimuLocUITests.xctest; sourceTree = BUILT_PRODUCTS_DIR; };
		D065E86F244DB8260033B327 /* SimuLocUITests.swift */ = {isa = PBXFileReference; lastKnownFileType = sourcecode.swift; path = SimuLocUITests.swift; sourceTree = "<group>"; };
		D065E871244DB8260033B327 /* Info.plist */ = {isa = PBXFileReference; lastKnownFileType = text.plist.xml; path = Info.plist; sourceTree = "<group>"; };
/* End PBXFileReference section */

/* Begin PBXFrameworksBuildPhase section */
		D065E849244DB8250033B327 /* Frameworks */ = {
			isa = PBXFrameworksBuildPhase;
			buildActionMask = 2147483647;
			files = (
			);
			runOnlyForDeploymentPostprocessing = 0;
		};
		D065E85D244DB8260033B327 /* Frameworks */ = {
			isa = PBXFrameworksBuildPhase;
			buildActionMask = 2147483647;
			files = (
			);
			runOnlyForDeploymentPostprocessing = 0;
		};
		D065E868244DB8260033B327 /* Frameworks */ = {
			isa = PBXFrameworksBuildPhase;
			buildActionMask = 2147483647;
			files = (
			);
			runOnlyForDeploymentPostprocessing = 0;
		};
/* End PBXFrameworksBuildPhase section */

/* Begin PBXGroup section */
		D065E843244DB8250033B327 = {
			isa = PBXGroup;
			children = (
				D065E84E244DB8250033B327 /* SimuLoc */,
				D065E863244DB8260033B327 /* SimuLocTests */,
				D065E86E244DB8260033B327 /* SimuLocUITests */,
				D065E84D244DB8250033B327 /* Products */,
			);
			sourceTree = "<group>";
		};
		D065E84D244DB8250033B327 /* Products */ = {
			isa = PBXGroup;
			children = (
				D065E84C244DB8250033B327 /* SimuLoc.app */,
				D065E860244DB8260033B327 /* SimuLocTests.xctest */,
				D065E86B244DB8260033B327 /* SimuLocUITests.xctest */,
			);
			name = Products;
			sourceTree = "<group>";
		};
		D065E84E244DB8250033B327 /* SimuLoc */ = {
			isa = PBXGroup;
			children = (
				D065E84F244DB8250033B327 /* AppDelegate.swift */,
				D065E851244DB8250033B327 /* ViewController.swift */,
				D065E853244DB8250033B327 /* Main.storyboard */,
				D065E856244DB8260033B327 /* Assets.xcassets */,
				D065E858244DB8260033B327 /* LaunchScreen.storyboard */,
				D065E85B244DB8260033B327 /* Info.plist */,
			);
			path = SimuLoc;
			sourceTree = "<group>";
		};
		D065E863244DB8260033B327 /* SimuLocTests */ = {
			isa = PBXGroup;
			children = (
				D065E864244DB8260033B327 /* SimuLocTests.swift */,
				D065E866244DB8260033B327 /* Info.plist */,
			);
			path = SimuLocTests;
			sourceTree = "<group>";
		};
		D065E86E244DB8260033B327 /* SimuLocUITests */ = {
			isa = PBXGroup;
			children = (
				D065E86F244DB8260033B327 /* SimuLocUITests.swift */,
				D065E871244DB8260033B327 /* Info.plist */,
			);
			path = SimuLocUITests;
			sourceTree = "<group>";
		};
/* End PBXGroup section */

/* Begin PBXNativeTarget section */
		D065E84B244DB8250033B327 /* SimuLoc */ = {
			isa = PBXNativeTarget;
			buildConfigurationList = D065E874244DB8260033B327 /* Build configuration list for PBXNativeTarget "SimuLoc" */;
			buildPhases = (
				D065E848244DB8250033B327 /* Sources */,
				D065E849244DB8250033B327 /* Frameworks */,
				D065E84A244DB8250033B327 /* Resources */,
			);
			buildRules = (
			);
			dependencies = (
			);
			name = SimuLoc;
			productName = SimuLoc;
			productReference = D065E84C244DB8250033B327 /* SimuLoc.app */;
			productType = "com.apple.product-type.application";
		};
		D065E85F244DB8260033B327 /* SimuLocTests */ = {
			isa = PBXNativeTarget;
			buildConfigurationList = D065E877244DB8260033B327 /* Build configuration list for PBXNativeTarget "SimuLocTests" */;
			buildPhases = (
				D065E85C244DB8260033B327 /* Sources */,
				D065E85D244DB8260033B327 /* Frameworks */,
				D065E85E244DB8260033B327 /* Resources */,
			);
			buildRules = (
			);
			dependencies = (
				D065E862244DB8260033B327 /* PBXTargetDependency */,
			);
			name = SimuLocTests;
			productName = SimuLocTests;
			productReference = D065E860244DB8260033B327 /* SimuLocTests.xctest */;
			productType = "com.apple.product-type.bundle.unit-test";
		};
		D065E86A244DB8260033B327 /* SimuLocUITests */ = {
			isa = PBXNativeTarget;
			buildConfigurationList = D065E87A244DB8260033B327 /* Build configuration list for PBXNativeTarget "SimuLocUITests" */;
			buildPhases = (
				D065E867244DB8260033B327 /* Sources */,
				D065E868244DB8260033B327 /* Frameworks */,
				D065E869244DB8260033B327 /* Resources */,
			);
			buildRules = (
			);
			dependencies = (
				D065E86D244DB8260033B327 /* PBXTargetDependency */,
			);
			name = SimuLocUITests;
			productName = SimuLocUITests;
			productReference = D065E86B244DB8260033B327 /* SimuLocUITests.xctest */;
			productType = "com.apple.product-type.bundle.ui-testing";
		};
/* End PBXNativeTarget section */

/* Begin PBXProject section */
		D065E844244DB8250033B327 /* Project object */ = {
			isa = PBXProject;
			attributes = {
				LastSwiftUpdateCheck = 1010;
				LastUpgradeCheck = 1010;
				ORGANIZATIONNAME = "钱晨";
				TargetAttributes = {
					D065E84B244DB8250033B327 = {
						CreatedOnToolsVersion = 10.1;
					};
					D065E85F244DB8260033B327 = {
						CreatedOnToolsVersion = 10.1;
						TestTargetID = D065E84B244DB8250033B327;
					};
					D065E86A244DB8260033B327 = {
						CreatedOnToolsVersion = 10.1;
						TestTargetID = D065E84B244DB8250033B327;
					};
				};
			};
			buildConfigurationList = D065E847244DB8250033B327 /* Build configuration list for PBXProject "SimuLoc" */;
			compatibilityVersion = "Xcode 9.3";
			developmentRegion = en;
			hasScannedForEncodings = 0;
			knownRegions = (
				en,
				Base,
			);
			mainGroup = D065E843244DB8250033B327;
			productRefGroup = D065E84D244DB8250033B327 /* Products */;
			projectDirPath = "";
			projectRoot = "";
			targets = (
				D065E84B244DB8250033B327 /* SimuLoc */,
				D065E85F244DB8260033B327 /* SimuLocTests */,
				D065E86A244DB8260033B327 /* SimuLocUITests */,
			);
		};
/* End PBXProject section */

/* Begin PBXResourcesBuildPhase section */
		D065E84A244DB8250033B327 /* Resources */ = {
			isa = PBXResourcesBuildPhase;
			buildActionMask = 2147483647;
			files = (
				D065E85A244DB8260033B327 /* LaunchScreen.storyboard in Resources */,
				D065E857244DB8260033B327 /* Assets.xcassets in Resources */,
				D065E855244DB8250033B327 /* Main.storyboard in Resources */,
			);
			runOnlyForDeploymentPostprocessing = 0;
		};
		D065E85E244DB8260033B327 /* Resources */ = {
			isa = PBXResourcesBuildPhase;
			buildActionMask = 2147483647;
			files = (
			);
			runOnlyForDeploymentPostprocessing = 0;
		};
		D065E869244DB8260033B327 /* Resources */ = {
			isa = PBXResourcesBuildPhase;
			buildActionMask = 2147483647;
			files = (
			);
			runOnlyForDeploymentPostprocessing = 0;
		};
/* End PBXResourcesBuildPhase section */

/* Begin PBXSourcesBuildPhase section */
		D065E848244DB8250033B327 /* Sources */ = {
			isa = PBXSourcesBuildPhase;
			buildActionMask = 2147483647;
			files = (
				D065E852244DB8250033B327 /* ViewController.swift in Sources */,
				D065E850244DB8250033B327 /* AppDelegate.swift in Sources */,
			);
			runOnlyForDeploymentPostprocessing = 0;
		};
		D065E85C244DB8260033B327 /* Sources */ = {
			isa = PBXSourcesBuildPhase;
			buildActionMask = 2147483647;
			files = (
				D065E865244DB8260033B327 /* SimuLocTests.swift in Sources */,
			);
			runOnlyForDeploymentPostprocessing = 0;
		};
		D065E867244DB8260033B327 /* Sources */ = {
			isa = PBXSourcesBuildPhase;
			buildActionMask = 2147483647;
			files = (
				D065E870244DB8260033B327 /* SimuLocUITests.swift in Sources */,
			);
			runOnlyForDeploymentPostprocessing = 0;
		};
/* End PBXSourcesBuildPhase section */

/* Begin PBXTargetDependency section */
		D065E862244DB8260033B327 /* PBXTargetDependency */ = {
			isa = PBXTargetDependency;
			target = D065E84B244DB8250033B327 /* SimuLoc */;
			targetProxy = D065E861244DB8260033B327 /* PBXContainerItemProxy */;
		};
		D065E86D244DB8260033B327 /* PBXTargetDependency */ = {
			isa = PBXTargetDependency;
			target = D065E84B244DB8250033B327 /* SimuLoc */;
			targetProxy = D065E86C244DB8260033B327 /* PBXContainerItemProxy */;
		};
/* End PBXTargetDependency section */

/* Begin PBXVariantGroup section */
		D065E853244DB8250033B327 /* Main.storyboard */ = {
			isa = PBXVariantGroup;
			children = (
				D065E854244DB8250033B327 /* Base */,
			);
			name = Main.storyboard;
			sourceTree = "<group>";
		};
		D065E858244DB8260033B327 /* LaunchScreen.storyboard */ = {
			isa = PBXVariantGroup;
			children = (
				D065E859244DB8260033B327 /* Base */,
			);
			name = LaunchScreen.storyboard;
			sourceTree = "<group>";
		};
/* End PBXVariantGroup section */

/* Begin XCBuildConfiguration section */
		D065E872244DB8260033B327 /* Debug */ = {
			isa = XCBuildConfiguration;
			buildSettings = {
				ALWAYS_SEARCH_USER_PATHS = NO;
				CLANG_ANALYZER_NONNULL = YES;
				CLANG_ANALYZER_NUMBER_OBJECT_CONVERSION = YES_AGGRESSIVE;
				CLANG_CXX_LANGUAGE_STANDARD = "gnu++14";
				CLANG_CXX_LIBRARY = "libc++";
				CLANG_ENABLE_MODULES = YES;
				CLANG_ENABLE_OBJC_ARC = YES;
				CLANG_ENABLE_OBJC_WEAK = YES;
				CLANG_WARN_BLOCK_CAPTURE_AUTORELEASING = YES;
				CLANG_WARN_BOOL_CONVERSION = YES;
				CLANG_WARN_COMMA = YES;
				CLANG_WARN_CONSTANT_CONVERSION = YES;
				CLANG_WARN_DEPRECATED_OBJC_IMPLEMENTATIONS = YES;
				CLANG_WARN_DIRECT_OBJC_ISA_USAGE = YES_ERROR;
				CLANG_WARN_DOCUMENTATION_COMMENTS = YES;
				CLANG_WARN_EMPTY_BODY = YES;
				CLANG_WARN_ENUM_CONVERSION = YES;
				CLANG_WARN_INFINITE_RECURSION = YES;
				CLANG_WARN_INT_CONVERSION = YES;
				CLANG_WARN_NON_LITERAL_NULL_CONVERSION = YES;
				CLANG_WARN_OBJC_IMPLICIT_RETAIN_SELF = YES;
				CLANG_WARN_OBJC_LITERAL_CONVERSION = YES;
				CLANG_WARN_OBJC_ROOT_CLASS = YES_ERROR;
				CLANG_WARN_RANGE_LOOP_ANALYSIS = YES;
				CLANG_WARN_STRICT_PROTOTYPES = YES;
				CLANG_WARN_SUSPICIOUS_MOVE = YES;
				CLANG_WARN_UNGUARDED_AVAILABILITY = YES_AGGRESSIVE;
				CLANG_WARN_UNREACHABLE_CODE = YES;
				CLANG_WARN__DUPLICATE_METHOD_MATCH = YES;
				CODE_SIGN_IDENTITY = "iPhone Developer";
				COPY_PHASE_STRIP = NO;
				DEBUG_INFORMATION_FORMAT = dwarf;
				ENABLE_STRICT_OBJC_MSGSEND = YES;
				ENABLE_TESTABILITY = YES;
				GCC_C_LANGUAGE_STANDARD = gnu11;
				GCC_DYNAMIC_NO_PIC = NO;
				GCC_NO_COMMON_BLOCKS = YES;
				GCC_OPTIMIZATION_LEVEL = 0;
				GCC_PREPROCESSOR_DEFINITIONS = (
					"DEBUG=1",
					"$(inherited)",
				);
				GCC_WARN_64_TO_32_BIT_CONVERSION = YES;
				GCC_WARN_ABOUT_RETURN_TYPE = YES_ERROR;
				GCC_WARN_UNDECLARED_SELECTOR = YES;
				GCC_WARN_UNINITIALIZED_AUTOS = YES_AGGRESSIVE;
				GCC_WARN_UNUSED_FUNCTION = YES;
				GCC_WARN_UNUSED_VARIABLE = YES;
				IPHONEOS_DEPLOYMENT_TARGET = 12.1;
				MTL_ENABLE_DEBUG_INFO = INCLUDE_SOURCE;
				MTL_FAST_MATH = YES;
				ONLY_ACTIVE_ARCH = YES;
				SDKROOT = iphoneos;
				SWIFT_ACTIVE_COMPILATION_CONDITIONS = DEBUG;
				SWIFT_OPTIMIZATION_LEVEL = "-Onone";
			};
			name = Debug;
		};
		D065E873244DB8260033B327 /* Release */ = {
			isa = XCBuildConfiguration;
			buildSettings = {
				ALWAYS_SEARCH_USER_PATHS = NO;
				CLANG_ANALYZER_NONNULL = YES;
				CLANG_ANALYZER_NUMBER_OBJECT_CONVERSION = YES_AGGRESSIVE;
				CLANG_CXX_LANGUAGE_STANDARD = "gnu++14";
				CLANG_CXX_LIBRARY = "libc++";
				CLANG_ENABLE_MODULES = YES;
				CLANG_ENABLE_OBJC_ARC = YES;
				CLANG_ENABLE_OBJC_WEAK = YES;
				CLANG_WARN_BLOCK_CAPTURE_AUTORELEASING = YES;
				CLANG_WARN_BOOL_CONVERSION = YES;
				CLANG_WARN_COMMA = YES;
				CLANG_WARN_CONSTANT_CONVERSION = YES;
				CLANG_WARN_DEPRECATED_OBJC_IMPLEMENTATIONS = YES;
				CLANG_WARN_DIRECT_OBJC_ISA_USAGE = YES_ERROR;
				CLANG_WARN_DOCUMENTATION_COMMENTS = YES;
				CLANG_WARN_EMPTY_BODY = YES;
				CLANG_WARN_ENUM_CONVERSION = YES;
				CLANG_WARN_INFINITE_RECURSION = YES;
				CLANG_WARN_INT_CONVERSION = YES;
				CLANG_WARN_NON_LITERAL_NULL_CONVERSION = YES;
				CLANG_WARN_OBJC_IMPLICIT_RETAIN_SELF = YES;
				CLANG_WARN_OBJC_LITERAL_CONVERSION = YES;
				CLANG_WARN_OBJC_ROOT_CLASS = YES_ERROR;
				CLANG_WARN_RANGE_LOOP_ANALYSIS = YES;
				CLANG_WARN_STRICT_PROTOTYPES = YES;
				CLANG_WARN_SUSPICIOUS_MOVE = YES;
				CLANG_WARN_UNGUARDED_AVAILABILITY = YES_AGGRESSIVE;
				CLANG_WARN_UNREACHABLE_CODE = YES;
				CLANG_WARN__DUPLICATE_METHOD_MATCH = YES;
				CODE_SIGN_IDENTITY = "iPhone Developer";
				COPY_PHASE_STRIP = NO;
				DEBUG_INFORMATION_FORMAT = "dwarf-with-dsym";
				ENABLE_NS_ASSERTIONS = NO;
				ENABLE_STRICT_OBJC_MSGSEND = YES;
				GCC_C_LANGUAGE_STANDARD = gnu11;
				GCC_NO_COMMON_BLOCKS = YES;
				GCC_WARN_64_TO_32_BIT_CONVERSION = YES;
				GCC_WARN_ABOUT_RETURN_TYPE = YES_ERROR;
				GCC_WARN_UNDECLARED_SELECTOR = YES;
				GCC_WARN_UNINITIALIZED_AUTOS = YES_AGGRESSIVE;
				GCC_WARN_UNUSED_FUNCTION = YES;
				GCC_WARN_UNUSED_VARIABLE = YES;
				IPHONEOS_DEPLOYMENT_TARGET = 12.1;
				MTL_ENABLE_DEBUG_INFO = NO;
				MTL_FAST_MATH = YES;
				SDKROOT = iphoneos;
				SWIFT_COMPILATION_MODE = wholemodule;
				SWIFT_OPTIMIZATION_LEVEL = "-O";
				VALIDATE_PRODUCT = YES;
			};
			name = Release;
		};
		D065E875244DB8260033B327 /* Debug */ = {
			isa = XCBuildConfiguration;
			buildSettings = {
				ASSETCATALOG_COMPILER_APPICON_NAME = AppIcon;
				CODE_SIGN_STYLE = Automatic;
				DEVELOPMENT_TEAM = S8386U5CPV;
				INFOPLIST_FILE = SimuLoc/Info.plist;
				LD_RUNPATH_SEARCH_PATHS = (
					"$(inherited)",
					"@executable_path/Frameworks",
				);
				PRODUCT_BUNDLE_IDENTIFIER = QuokeCola.SimuLoc;
				PRODUCT_NAME = "$(TARGET_NAME)";
				SWIFT_VERSION = 4.2;
				TARGETED_DEVICE_FAMILY = "1,2";
			};
			name = Debug;
		};
		D065E876244DB8260033B327 /* Release */ = {
			isa = XCBuildConfiguration;
			buildSettings = {
				ASSETCATALOG_COMPILER_APPICON_NAME = AppIcon;
				CODE_SIGN_STYLE = Automatic;
				DEVELOPMENT_TEAM = S8386U5CPV;
				INFOPLIST_FILE = SimuLoc/Info.plist;
				LD_RUNPATH_SEARCH_PATHS = (
					"$(inherited)",
					"@executable_path/Frameworks",
				);
				PRODUCT_BUNDLE_IDENTIFIER = QuokeCola.SimuLoc;
				PRODUCT_NAME = "$(TARGET_NAME)";
				SWIFT_VERSION = 4.2;
				TARGETED_DEVICE_FAMILY = "1,2";
			};
			name = Release;
		};
		D065E878244DB8260033B327 /* Debug */ = {
			isa = XCBuildConfiguration;
			buildSettings = {
				ALWAYS_EMBED_SWIFT_STANDARD_LIBRARIES = YES;
				BUNDLE_LOADER = "$(TEST_HOST)";
				CODE_SIGN_STYLE = Automatic;
				DEVELOPMENT_TEAM = S8386U5CPV;
				INFOPLIST_FILE = SimuLocTests/Info.plist;
				LD_RUNPATH_SEARCH_PATHS = (
					"$(inherited)",
					"@executable_path/Frameworks",
					"@loader_path/Frameworks",
				);
				PRODUCT_BUNDLE_IDENTIFIER = QuokeCola.SimuLocTests;
				PRODUCT_NAME = "$(TARGET_NAME)";
				SWIFT_VERSION = 4.2;
				TARGETED_DEVICE_FAMILY = "1,2";
				TEST_HOST = "$(BUILT_PRODUCTS_DIR)/SimuLoc.app/SimuLoc";
			};
			name = Debug;
		};
		D065E879244DB8260033B327 /* Release */ = {
			isa = XCBuildConfiguration;
			buildSettings = {
				ALWAYS_EMBED_SWIFT_STANDARD_LIBRARIES = YES;
				BUNDLE_LOADER = "$(TEST_HOST)";
				CODE_SIGN_STYLE = Automatic;
				DEVELOPMENT_TEAM = S8386U5CPV;
				INFOPLIST_FILE = SimuLocTests/Info.plist;
				LD_RUNPATH_SEARCH_PATHS = (
					"$(inherited)",
					"@executable_path/Frameworks",
					"@loader_path/Frameworks",
				);
				PRODUCT_BUNDLE_IDENTIFIER = QuokeCola.SimuLocTests;
				PRODUCT_NAME = "$(TARGET_NAME)";
				SWIFT_VERSION = 4.2;
				TARGETED_DEVICE_FAMILY = "1,2";
				TEST_HOST = "$(BUILT_PRODUCTS_DIR)/SimuLoc.app/SimuLoc";
			};
			name = Release;
		};
		D065E87B244DB8260033B327 /* Debug */ = {
			isa = XCBuildConfiguration;
			buildSettings = {
				ALWAYS_EMBED_SWIFT_STANDARD_LIBRARIES = YES;
				CODE_SIGN_STYLE = Automatic;
				DEVELOPMENT_TEAM = S8386U5CPV;
				INFOPLIST_FILE = SimuLocUITests/Info.plist;
				LD_RUNPATH_SEARCH_PATHS = (
					"$(inherited)",
					"@executable_path/Frameworks",
					"@loader_path/Frameworks",
				);
				PRODUCT_BUNDLE_IDENTIFIER = QuokeCola.SimuLocUITests;
				PRODUCT_NAME = "$(TARGET_NAME)";
				SWIFT_VERSION = 4.2;
				TARGETED_DEVICE_FAMILY = "1,2";
				TEST_TARGET_NAME = SimuLoc;
			};
			name = Debug;
		};
		D065E87C244DB8260033B327 /* Release */ = {
			isa = XCBuildConfiguration;
			buildSettings = {
				ALWAYS_EMBED_SWIFT_STANDARD_LIBRARIES = YES;
				CODE_SIGN_STYLE = Automatic;
				DEVELOPMENT_TEAM = S8386U5CPV;
				INFOPLIST_FILE = SimuLocUITests/Info.plist;
				LD_RUNPATH_SEARCH_PATHS = (
					"$(inherited)",
					"@executable_path/Frameworks",
					"@loader_path/Frameworks",
				);
				PRODUCT_BUNDLE_IDENTIFIER = QuokeCola.SimuLocUITests;
				PRODUCT_NAME = "$(TARGET_NAME)";
				SWIFT_VERSION = 4.2;
				TARGETED_DEVICE_FAMILY = "1,2";
				TEST_TARGET_NAME = SimuLoc;
			};
			name = Release;
		};
/* End XCBuildConfiguration section */

/* Begin XCConfigurationList section */
		D065E847244DB8250033B327 /* Build configuration list for PBXProject "SimuLoc" */ = {
			isa = XCConfigurationList;
			buildConfigurations = (
				D065E872244DB8260033B327 /* Debug */,
				D065E873244DB8260033B327 /* Release */,
			);
			defaultConfigurationIsVisible = 0;
			defaultConfigurationName = Release;
		};
		D065E874244DB8260033B327 /* Build configuration list for PBXNativeTarget "SimuLoc" */ = {
			isa = XCConfigurationList;
			buildConfigurations = (
				D065E875244DB8260033B327 /* Debug */,
				D065E876244DB8260033B327 /* Release */,
			);
			defaultConfigurationIsVisible = 0;
			defaultConfigurationName = Release;
		};
		D065E877244DB8260033B327 /* Build configuration list for PBXNativeTarget "SimuLocTests" */ = {
			isa = XCConfigurationList;
			buildConfigurations = (
				D065E878244DB8260033B327 /* Debug */,
				D065E879244DB8260033B327 /* Release */,
			);
			defaultConfigurationIsVisible = 0;
			defaultConfigurationName = Release;
		};
		D065E87A244DB8260033B327 /* Build configuration list for PBXNativeTarget "SimuLocUITests" */ = {
			isa = XCConfigurationList;
			buildConfigurations = (
				D065E87B244DB8260033B327 /* Debug */,
				D065E87C244DB8260033B327 /* Release */,
			);
			defaultConfigurationIsVisible = 0;
			defaultConfigurationName = Release;
		};
/* End XCConfigurationList section */
	};
	rootObject = D065E844244DB8250033B327 /* Project object */;
}
